
Microsoft Visual Studio Solution File, Format Version 12.00
# Visual Studio 15
Project("{FAE04EC0-301F-11D3-BF4B-00C04F79EFBC}") = "UnityEngine.TestRunner", "UnityEngine.TestRunner.csproj", "{7823DD02-18E2-ABC8-B7A9-29C0ED928C66}"
EndProject
Project("{FAE04EC0-301F-11D3-BF4B-00C04F79EFBC}") = "Unity.XR.ARFoundation", "Unity.XR.ARFoundation.csproj", "{07D69A49-C037-EEB4-DBAD-2F72B9C60087}"
EndProject
Project("{FAE04EC0-301F-11D3-BF4B-00C04F79EFBC}") = "Unity.XR.ARSubsystems", "Unity.XR.ARSubsystems.csproj", "{D11A37BC-6747-9530-0315-B48C11341D5F}"
EndProject
Project("{FAE04EC0-301F-11D3-BF4B-00C04F79EFBC}") = "Unity.InputSystem", "Unity.InputSystem.csproj", "{28E84919-E38B-60B7-F7EA-C923A5F57B10}"
EndProject
Project("{FAE04EC0-301F-11D3-BF4B-00C04F79EFBC}") = "Unity.VisualScripting.State", "Unity.VisualScripting.State.csproj", "{E1D90C29-3502-E49E-AB7E-76488D241E31}"
EndProject
Project("{FAE04EC0-301F-11D3-BF4B-00C04F79EFBC}") = "glTFast", "glTFast.csproj", "{C722198A-6D5D-C47F-CB18-6E724904BDAF}"
EndProject
Project("{FAE04EC0-301F-11D3-BF4B-00C04F79EFBC}") = "Unity.VisualScripting.Flow", "Unity.VisualScripting.Flow.csproj", "{B4CA4949-80E7-1456-DB26-E3A050248449}"
EndProject
Project("{FAE04EC0-301F-11D3-BF4B-00C04F79EFBC}") = "Unity.VisualScripting.Core", "Unity.VisualScripting.Core.csproj", "{A203F755-BE80-6395-966E-34D78CBE4578}"
EndProject
Project("{FAE04EC0-301F-11D3-BF4B-00C04F79EFBC}") = "Unity.TextMeshPro", "Unity.TextMeshPro.csproj", "{6F662A0B-212E-2665-A746-820875709843}"
EndProject
Project("{FAE04EC0-301F-11D3-BF4B-00C04F79EFBC}") = "Unity.Burst", "Unity.Burst.csproj", "{017752E3-CFF1-D56C-0B82-E2811506BE98}"
EndProject
Project("{FAE04EC0-301F-11D3-BF4B-00C04F79EFBC}") = "ReadyPlayerMe.Core", "ReadyPlayerMe.Core.csproj", "{942A5AAB-79F1-9DA1-C547-05B5D8F27EAF}"
EndProject
Project("{FAE04EC0-301F-11D3-BF4B-00C04F79EFBC}") = "Assembly-CSharp", "Assembly-CSharp.csproj", "{A3C2775E-542A-8C38-83D0-1B1ADAAB0E80}"
EndProject
Project("{FAE04EC0-301F-11D3-BF4B-00C04F79EFBC}") = "Unity.XR.CoreUtils", "Unity.XR.CoreUtils.csproj", "{B5C483E1-954B-5CDD-D615-D1DDDEFD601D}"
EndProject
Project("{FAE04EC0-301F-11D3-BF4B-00C04F79EFBC}") = "Unity.XR.OpenXR", "Unity.XR.OpenXR.csproj", "{E317DA8F-302F-D99A-4728-04FC3A9B3BB9}"
EndProject
Project("{FAE04EC0-301F-11D3-BF4B-00C04F79EFBC}") = "ReadyPlayerMe.WebView", "ReadyPlayerMe.WebView.csproj", "{1390A831-8391-9DD2-B299-B07FF2CC1DE9}"
EndProject
Project("{FAE04EC0-301F-11D3-BF4B-00C04F79EFBC}") = "Unity.Timeline", "Unity.Timeline.csproj", "{C96BEC58-9449-8BFA-33FF-D6481AA91963}"
EndProject
Project("{FAE04EC0-301F-11D3-BF4B-00C04F79EFBC}") = "Unity.Mathematics", "Unity.Mathematics.csproj", "{D3659D9B-AAA1-EEBE-E120-CC5174DFBF38}"
EndProject
Project("{FAE04EC0-301F-11D3-BF4B-00C04F79EFBC}") = "glTFast.Export", "glTFast.Export.csproj", "{D4D31C3F-C99E-DA7B-4FC8-1B88C13EF341}"
EndProject
Project("{FAE04EC0-301F-11D3-BF4B-00C04F79EFBC}") = "OpenAI.Runtime", "OpenAI.Runtime.csproj", "{327363A7-ED1E-4E36-A2B1-5E0F98918435}"
EndProject
Project("{FAE04EC0-301F-11D3-BF4B-00C04F79EFBC}") = "TensorFlowLite", "TensorFlowLite.csproj", "{F54D3E15-6E59-A8F3-6467-ADB77D39E005}"
EndProject
Project("{FAE04EC0-301F-11D3-BF4B-00C04F79EFBC}") = "Unity.XR.Management", "Unity.XR.Management.csproj", "{610D34AA-97D6-2822-16C3-48CA88EA8D35}"
EndProject
Project("{FAE04EC0-301F-11D3-BF4B-00C04F79EFBC}") = "Assembly-CSharp-firstpass", "Assembly-CSharp-firstpass.csproj", "{C5C61468-4522-8189-FF31-278669AF7DD3}"
EndProject
Project("{FAE04EC0-301F-11D3-BF4B-00C04F79EFBC}") = "UnityEngine.SpatialTracking", "UnityEngine.SpatialTracking.csproj", "{7CB5080A-737E-9014-3A4F-9F605A1B7250}"
EndProject
Project("{FAE04EC0-301F-11D3-BF4B-00C04F79EFBC}") = "UnityEngine.XR.LegacyInputHelpers", "UnityEngine.XR.LegacyInputHelpers.csproj", "{90AA7B17-1C80-2ED8-DEFB-CF48B6C0C4A5}"
EndProject
Project("{FAE04EC0-301F-11D3-BF4B-00C04F79EFBC}") = "glTFast.dots", "glTFast.dots.csproj", "{CF0ABF3E-7614-21A2-7952-D66C38E3DD24}"
EndProject
Project("{FAE04EC0-301F-11D3-BF4B-00C04F79EFBC}") = "Unity.XR.OpenXR.Features.ConformanceAutomation", "Unity.XR.OpenXR.Features.ConformanceAutomation.csproj", "{E85557F1-C7C7-CA8F-C45A-D9FBB36FA330}"
EndProject
Project("{FAE04EC0-301F-11D3-BF4B-00C04F79EFBC}") = "Unity.XR.OpenXR.Features.MockRuntime", "Unity.XR.OpenXR.Features.MockRuntime.csproj", "{BEB26EAD-1292-601B-F1A5-8FC5BD97EB55}"
EndProject
Project("{FAE04EC0-301F-11D3-BF4B-00C04F79EFBC}") = "Unity.Subsystem.Registration", "Unity.Subsystem.Registration.csproj", "{55F5CF7B-9F94-653D-9948-91845ACDE9C3}"
EndProject
Project("{FAE04EC0-301F-11D3-BF4B-00C04F79EFBC}") = "Unity.XR.OpenXR.Features.MetaQuestSupport", "Unity.XR.OpenXR.Features.MetaQuestSupport.csproj", "{5021D057-4045-0325-2371-99C0A51BA1D2}"
EndProject
Project("{FAE04EC0-301F-11D3-BF4B-00C04F79EFBC}") = "Unity.XR.OpenXR.Features.RuntimeDebugger", "Unity.XR.OpenXR.Features.RuntimeDebugger.csproj", "{9D62BEA3-7297-B461-45F0-121A6F0BA98E}"
EndProject
Project("{FAE04EC0-301F-11D3-BF4B-00C04F79EFBC}") = "Unity.XR.OpenXR.Features.OculusQuestSupport", "Unity.XR.OpenXR.Features.OculusQuestSupport.csproj", "{8F2A9E78-1C6F-4C72-98D3-97CBAD1B2983}"
EndProject
Project("{FAE04EC0-301F-11D3-BF4B-00C04F79EFBC}") = "Unity.PlasticSCM.Editor", "Unity.PlasticSCM.Editor.csproj", "{27D7902C-A202-EA57-8331-90492CFD4F2D}"
EndProject
Project("{FAE04EC0-301F-11D3-BF4B-00C04F79EFBC}") = "Unity.VisualScripting.Core.Editor", "Unity.VisualScripting.Core.Editor.csproj", "{3C9C0223-554E-0D74-13F6-11E57E37DFCF}"
EndProject
Project("{FAE04EC0-301F-11D3-BF4B-00C04F79EFBC}") = "Unity.Timeline.Editor", "Unity.Timeline.Editor.csproj", "{401C1CEC-61EE-BBAE-7665-E6527396028A}"
EndProject
Project("{FAE04EC0-301F-11D3-BF4B-00C04F79EFBC}") = "Unity.TextMeshPro.Editor", "Unity.TextMeshPro.Editor.csproj", "{B689F113-3003-B45A-F0AE-0AD33F6137CA}"
EndProject
Project("{FAE04EC0-301F-11D3-BF4B-00C04F79EFBC}") = "Unity.VisualScripting.SettingsProvider.Editor", "Unity.VisualScripting.SettingsProvider.Editor.csproj", "{F336D752-38B8-F180-92F1-7B75A331B99D}"
EndProject
Project("{FAE04EC0-301F-11D3-BF4B-00C04F79EFBC}") = "UnityEditor.TestRunner", "UnityEditor.TestRunner.csproj", "{B61EBAE5-C6A1-7D16-C0E0-7822582C61FE}"
EndProject
Project("{FAE04EC0-301F-11D3-BF4B-00C04F79EFBC}") = "Unity.VisualScripting.Flow.Editor", "Unity.VisualScripting.Flow.Editor.csproj", "{867BCC6F-7AEB-8396-CB9E-D9C509230C1D}"
EndProject
Project("{FAE04EC0-301F-11D3-BF4B-00C04F79EFBC}") = "Unity.Rider.Editor", "Unity.Rider.Editor.csproj", "{74631A61-D83C-DC3D-7A1F-42131C9FD8E6}"
EndProject
Project("{FAE04EC0-301F-11D3-BF4B-00C04F79EFBC}") = "ReadyPlayerMe.Core.Editor", "ReadyPlayerMe.Core.Editor.csproj", "{A2FBF64E-A077-6BF7-1B2A-6B71393B8FDB}"
EndProject
Project("{FAE04EC0-301F-11D3-BF4B-00C04F79EFBC}") = "Unity.Burst.CodeGen", "Unity.Burst.CodeGen.csproj", "{F1B0B86D-ECA7-5A52-47C2-2115AE9BD909}"
EndProject
Project("{FAE04EC0-301F-11D3-BF4B-00C04F79EFBC}") = "Unity.XR.OpenXR.Features.OculusQuestSupport.Editor", "Unity.XR.OpenXR.Features.OculusQuestSupport.Editor.csproj", "{0423618E-4D2A-69B5-EE55-8E17B9452865}"
EndProject
Project("{FAE04EC0-301F-11D3-BF4B-00C04F79EFBC}") = "glTFast.Editor", "glTFast.Editor.csproj", "{C3D291AB-7070-033D-1C60-419156EBD61A}"
EndProject
Project("{FAE04EC0-301F-11D3-BF4B-00C04F79EFBC}") = "Unity.XR.Management.Editor", "Unity.XR.Management.Editor.csproj", "{17847E70-5589-99F2-9914-78D63224850C}"
EndProject
Project("{FAE04EC0-301F-11D3-BF4B-00C04F79EFBC}") = "Unity.VSCode.Editor", "Unity.VSCode.Editor.csproj", "{0EBCA90F-8EC2-E68B-24D2-F845D7D7AF31}"
EndProject
Project("{FAE04EC0-301F-11D3-BF4B-00C04F79EFBC}") = "Unity.VisualStudio.Editor", "Unity.VisualStudio.Editor.csproj", "{27E47DA2-640E-7660-3389-B4C7B865EF66}"
EndProject
Project("{FAE04EC0-301F-11D3-BF4B-00C04F79EFBC}") = "UnityEditor.SpatialTracking", "UnityEditor.SpatialTracking.csproj", "{9B1AE81A-C560-8F21-A288-3F82FA1CD54B}"
EndProject
Project("{FAE04EC0-301F-11D3-BF4B-00C04F79EFBC}") = "Unity.XR.OpenXR.Editor", "Unity.XR.OpenXR.Editor.csproj", "{17D857B5-C457-A894-3422-AB3436A5A770}"
EndProject
Project("{FAE04EC0-301F-11D3-BF4B-00C04F79EFBC}") = "Unity.CollabProxy.Editor", "Unity.CollabProxy.Editor.csproj", "{6B29A820-0C55-D322-921A-66A6FABCF421}"
EndProject
Project("{FAE04EC0-301F-11D3-BF4B-00C04F79EFBC}") = "Unity.XR.ARFoundation.Editor", "Unity.XR.ARFoundation.Editor.csproj", "{ACA4D676-68F9-7E4D-90A0-89B224FF5CE9}"
EndProject
Project("{FAE04EC0-301F-11D3-BF4B-00C04F79EFBC}") = "Unity.VisualScripting.State.Editor", "Unity.VisualScripting.State.Editor.csproj", "{C100325C-8A28-2C57-7C86-16F6CF735F43}"
EndProject
Project("{FAE04EC0-301F-11D3-BF4B-00C04F79EFBC}") = "Unity.XR.CoreUtils.Editor", "Unity.XR.CoreUtils.Editor.csproj", "{33B103A7-952E-B33B-64D0-FA5D17CF4A2E}"
EndProject
Project("{FAE04EC0-301F-11D3-BF4B-00C04F79EFBC}") = "UnityEditor.XR.LegacyInputHelpers", "UnityEditor.XR.LegacyInputHelpers.csproj", "{E413328A-51FE-E0C9-472A-7CBDA94ADCA3}"
EndProject
Project("{FAE04EC0-301F-11D3-BF4B-00C04F79EFBC}") = "Unity.XR.ARSubsystems.Editor", "Unity.XR.ARSubsystems.Editor.csproj", "{6B29F42A-7657-0260-9EE7-2967DBAE29AD}"
EndProject
Project("{FAE04EC0-301F-11D3-BF4B-00C04F79EFBC}") = "Unity.Burst.Editor", "Unity.Burst.Editor.csproj", "{B56CA4BE-F0BC-4296-2BA8-DEE3F6D04114}"
EndProject
Project("{FAE04EC0-301F-11D3-BF4B-00C04F79EFBC}") = "Unity.XR.OpenXR.Features.RuntimeDebugger.Editor", "Unity.XR.OpenXR.Features.RuntimeDebugger.Editor.csproj", "{F3E000EB-C8F1-21A6-B78B-8B5227779E3E}"
EndProject
Project("{FAE04EC0-301F-11D3-BF4B-00C04F79EFBC}") = "Unity.XR.OpenXR.Features.MetaQuestSupport.Editor", "Unity.XR.OpenXR.Features.MetaQuestSupport.Editor.csproj", "{3372DE38-08B7-BA2A-2D15-3631ED8547A1}"
EndProject
Project("{FAE04EC0-301F-11D3-BF4B-00C04F79EFBC}") = "Unity.Mathematics.Editor", "Unity.Mathematics.Editor.csproj", "{C69EC109-8682-61D5-C1E7-19CDBB600479}"
EndProject
Project("{FAE04EC0-301F-11D3-BF4B-00C04F79EFBC}") = "Unity.VisualScripting.Shared.Editor", "Unity.VisualScripting.Shared.Editor.csproj", "{9A9433CD-129D-2049-EA5B-C9A68053AEF3}"
EndProject
Project("{FAE04EC0-301F-11D3-BF4B-00C04F79EFBC}") = "Unity.InternalAPIEditorBridge.005", "Unity.InternalAPIEditorBridge.005.csproj", "{B0FA0711-38D8-1418-361B-B24A27BC06E1}"
EndProject
Project("{FAE04EC0-301F-11D3-BF4B-00C04F79EFBC}") = "OpenAI.Editor", "OpenAI.Editor.csproj", "{344B2F2A-0101-8EFF-5062-20E0E183438A}"
EndProject
Global
	GlobalSection(SolutionConfigurationPlatforms) = preSolution
		Debug|Any CPU = Debug|Any CPU
		Release|Any CPU = Release|Any CPU
	EndGlobalSection
	GlobalSection(ProjectConfigurationPlatforms) = postSolution
		{7823DD02-18E2-ABC8-B7A9-29C0ED928C66}.Debug|Any CPU.ActiveCfg = Debug|Any CPU
		{7823DD02-18E2-ABC8-B7A9-29C0ED928C66}.Debug|Any CPU.Build.0 = Debug|Any CPU
		{7823DD02-18E2-ABC8-B7A9-29C0ED928C66}.Release|Any CPU.ActiveCfg = Release|Any CPU
		{7823DD02-18E2-ABC8-B7A9-29C0ED928C66}.Release|Any CPU.Build.0 = Release|Any CPU
		{07D69A49-C037-EEB4-DBAD-2F72B9C60087}.Debug|Any CPU.ActiveCfg = Debug|Any CPU
		{07D69A49-C037-EEB4-DBAD-2F72B9C60087}.Debug|Any CPU.Build.0 = Debug|Any CPU
		{07D69A49-C037-EEB4-DBAD-2F72B9C60087}.Release|Any CPU.ActiveCfg = Release|Any CPU
		{07D69A49-C037-EEB4-DBAD-2F72B9C60087}.Release|Any CPU.Build.0 = Release|Any CPU
		{D11A37BC-6747-9530-0315-B48C11341D5F}.Debug|Any CPU.ActiveCfg = Debug|Any CPU
		{D11A37BC-6747-9530-0315-B48C11341D5F}.Debug|Any CPU.Build.0 = Debug|Any CPU
		{D11A37BC-6747-9530-0315-B48C11341D5F}.Release|Any CPU.ActiveCfg = Release|Any CPU
		{D11A37BC-6747-9530-0315-B48C11341D5F}.Release|Any CPU.Build.0 = Release|Any CPU
		{28E84919-E38B-60B7-F7EA-C923A5F57B10}.Debug|Any CPU.ActiveCfg = Debug|Any CPU
		{28E84919-E38B-60B7-F7EA-C923A5F57B10}.Debug|Any CPU.Build.0 = Debug|Any CPU
		{28E84919-E38B-60B7-F7EA-C923A5F57B10}.Release|Any CPU.ActiveCfg = Release|Any CPU
		{28E84919-E38B-60B7-F7EA-C923A5F57B10}.Release|Any CPU.Build.0 = Release|Any CPU
		{E1D90C29-3502-E49E-AB7E-76488D241E31}.Debug|Any CPU.ActiveCfg = Debug|Any CPU
		{E1D90C29-3502-E49E-AB7E-76488D241E31}.Debug|Any CPU.Build.0 = Debug|Any CPU
		{E1D90C29-3502-E49E-AB7E-76488D241E31}.Release|Any CPU.ActiveCfg = Release|Any CPU
		{E1D90C29-3502-E49E-AB7E-76488D241E31}.Release|Any CPU.Build.0 = Release|Any CPU
		{C722198A-6D5D-C47F-CB18-6E724904BDAF}.Debug|Any CPU.ActiveCfg = Debug|Any CPU
		{C722198A-6D5D-C47F-CB18-6E724904BDAF}.Debug|Any CPU.Build.0 = Debug|Any CPU
		{C722198A-6D5D-C47F-CB18-6E724904BDAF}.Release|Any CPU.ActiveCfg = Release|Any CPU
		{C722198A-6D5D-C47F-CB18-6E724904BDAF}.Release|Any CPU.Build.0 = Release|Any CPU
		{B4CA4949-80E7-1456-DB26-E3A050248449}.Debug|Any CPU.ActiveCfg = Debug|Any CPU
		{B4CA4949-80E7-1456-DB26-E3A050248449}.Debug|Any CPU.Build.0 = Debug|Any CPU
		{B4CA4949-80E7-1456-DB26-E3A050248449}.Release|Any CPU.ActiveCfg = Release|Any CPU
		{B4CA4949-80E7-1456-DB26-E3A050248449}.Release|Any CPU.Build.0 = Release|Any CPU
		{A203F755-BE80-6395-966E-34D78CBE4578}.Debug|Any CPU.ActiveCfg = Debug|Any CPU
		{A203F755-BE80-6395-966E-34D78CBE4578}.Debug|Any CPU.Build.0 = Debug|Any CPU
		{A203F755-BE80-6395-966E-34D78CBE4578}.Release|Any CPU.ActiveCfg = Release|Any CPU
		{A203F755-BE80-6395-966E-34D78CBE4578}.Release|Any CPU.Build.0 = Release|Any CPU
		{6F662A0B-212E-2665-A746-820875709843}.Debug|Any CPU.ActiveCfg = Debug|Any CPU
		{6F662A0B-212E-2665-A746-820875709843}.Debug|Any CPU.Build.0 = Debug|Any CPU
		{6F662A0B-212E-2665-A746-820875709843}.Release|Any CPU.ActiveCfg = Release|Any CPU
		{6F662A0B-212E-2665-A746-820875709843}.Release|Any CPU.Build.0 = Release|Any CPU
		{017752E3-CFF1-D56C-0B82-E2811506BE98}.Debug|Any CPU.ActiveCfg = Debug|Any CPU
		{017752E3-CFF1-D56C-0B82-E2811506BE98}.Debug|Any CPU.Build.0 = Debug|Any CPU
		{017752E3-CFF1-D56C-0B82-E2811506BE98}.Release|Any CPU.ActiveCfg = Release|Any CPU
		{017752E3-CFF1-D56C-0B82-E2811506BE98}.Release|Any CPU.Build.0 = Release|Any CPU
		{942A5AAB-79F1-9DA1-C547-05B5D8F27EAF}.Debug|Any CPU.ActiveCfg = Debug|Any CPU
		{942A5AAB-79F1-9DA1-C547-05B5D8F27EAF}.Debug|Any CPU.Build.0 = Debug|Any CPU
		{942A5AAB-79F1-9DA1-C547-05B5D8F27EAF}.Release|Any CPU.ActiveCfg = Release|Any CPU
		{942A5AAB-79F1-9DA1-C547-05B5D8F27EAF}.Release|Any CPU.Build.0 = Release|Any CPU
		{A3C2775E-542A-8C38-83D0-1B1ADAAB0E80}.Debug|Any CPU.ActiveCfg = Debug|Any CPU
		{A3C2775E-542A-8C38-83D0-1B1ADAAB0E80}.Debug|Any CPU.Build.0 = Debug|Any CPU
		{A3C2775E-542A-8C38-83D0-1B1ADAAB0E80}.Release|Any CPU.ActiveCfg = Release|Any CPU
		{A3C2775E-542A-8C38-83D0-1B1ADAAB0E80}.Release|Any CPU.Build.0 = Release|Any CPU
		{B5C483E1-954B-5CDD-D615-D1DDDEFD601D}.Debug|Any CPU.ActiveCfg = Debug|Any CPU
		{B5C483E1-954B-5CDD-D615-D1DDDEFD601D}.Debug|Any CPU.Build.0 = Debug|Any CPU
		{B5C483E1-954B-5CDD-D615-D1DDDEFD601D}.Release|Any CPU.ActiveCfg = Release|Any CPU
		{B5C483E1-954B-5CDD-D615-D1DDDEFD601D}.Release|Any CPU.Build.0 = Release|Any CPU
		{E317DA8F-302F-D99A-4728-04FC3A9B3BB9}.Debug|Any CPU.ActiveCfg = Debug|Any CPU
		{E317DA8F-302F-D99A-4728-04FC3A9B3BB9}.Debug|Any CPU.Build.0 = Debug|Any CPU
		{E317DA8F-302F-D99A-4728-04FC3A9B3BB9}.Release|Any CPU.ActiveCfg = Release|Any CPU
		{E317DA8F-302F-D99A-4728-04FC3A9B3BB9}.Release|Any CPU.Build.0 = Release|Any CPU
		{1390A831-8391-9DD2-B299-B07FF2CC1DE9}.Debug|Any CPU.ActiveCfg = Debug|Any CPU
		{1390A831-8391-9DD2-B299-B07FF2CC1DE9}.Debug|Any CPU.Build.0 = Debug|Any CPU
		{1390A831-8391-9DD2-B299-B07FF2CC1DE9}.Release|Any CPU.ActiveCfg = Release|Any CPU
		{1390A831-8391-9DD2-B299-B07FF2CC1DE9}.Release|Any CPU.Build.0 = Release|Any CPU
		{C96BEC58-9449-8BFA-33FF-D6481AA91963}.Debug|Any CPU.ActiveCfg = Debug|Any CPU
		{C96BEC58-9449-8BFA-33FF-D6481AA91963}.Debug|Any CPU.Build.0 = Debug|Any CPU
		{C96BEC58-9449-8BFA-33FF-D6481AA91963}.Release|Any CPU.ActiveCfg = Release|Any CPU
		{C96BEC58-9449-8BFA-33FF-D6481AA91963}.Release|Any CPU.Build.0 = Release|Any CPU
		{D3659D9B-AAA1-EEBE-E120-CC5174DFBF38}.Debug|Any CPU.ActiveCfg = Debug|Any CPU
		{D3659D9B-AAA1-EEBE-E120-CC5174DFBF38}.Debug|Any CPU.Build.0 = Debug|Any CPU
		{D3659D9B-AAA1-EEBE-E120-CC5174DFBF38}.Release|Any CPU.ActiveCfg = Release|Any CPU
		{D3659D9B-AAA1-EEBE-E120-CC5174DFBF38}.Release|Any CPU.Build.0 = Release|Any CPU
		{D4D31C3F-C99E-DA7B-4FC8-1B88C13EF341}.Debug|Any CPU.ActiveCfg = Debug|Any CPU
		{D4D31C3F-C99E-DA7B-4FC8-1B88C13EF341}.Debug|Any CPU.Build.0 = Debug|Any CPU
		{D4D31C3F-C99E-DA7B-4FC8-1B88C13EF341}.Release|Any CPU.ActiveCfg = Release|Any CPU
		{D4D31C3F-C99E-DA7B-4FC8-1B88C13EF341}.Release|Any CPU.Build.0 = Release|Any CPU
		{327363A7-ED1E-4E36-A2B1-5E0F98918435}.Debug|Any CPU.ActiveCfg = Debug|Any CPU
		{327363A7-ED1E-4E36-A2B1-5E0F98918435}.Debug|Any CPU.Build.0 = Debug|Any CPU
		{327363A7-ED1E-4E36-A2B1-5E0F98918435}.Release|Any CPU.ActiveCfg = Release|Any CPU
		{327363A7-ED1E-4E36-A2B1-5E0F98918435}.Release|Any CPU.Build.0 = Release|Any CPU
		{F54D3E15-6E59-A8F3-6467-ADB77D39E005}.Debug|Any CPU.ActiveCfg = Debug|Any CPU
		{F54D3E15-6E59-A8F3-6467-ADB77D39E005}.Debug|Any CPU.Build.0 = Debug|Any CPU
		{F54D3E15-6E59-A8F3-6467-ADB77D39E005}.Release|Any CPU.ActiveCfg = Release|Any CPU
		{F54D3E15-6E59-A8F3-6467-ADB77D39E005}.Release|Any CPU.Build.0 = Release|Any CPU
		{610D34AA-97D6-2822-16C3-48CA88EA8D35}.Debug|Any CPU.ActiveCfg = Debug|Any CPU
		{610D34AA-97D6-2822-16C3-48CA88EA8D35}.Debug|Any CPU.Build.0 = Debug|Any CPU
		{610D34AA-97D6-2822-16C3-48CA88EA8D35}.Release|Any CPU.ActiveCfg = Release|Any CPU
		{610D34AA-97D6-2822-16C3-48CA88EA8D35}.Release|Any CPU.Build.0 = Release|Any CPU
		{C5C61468-4522-8189-FF31-278669AF7DD3}.Debug|Any CPU.ActiveCfg = Debug|Any CPU
		{C5C61468-4522-8189-FF31-278669AF7DD3}.Debug|Any CPU.Build.0 = Debug|Any CPU
		{C5C61468-4522-8189-FF31-278669AF7DD3}.Release|Any CPU.ActiveCfg = Release|Any CPU
		{C5C61468-4522-8189-FF31-278669AF7DD3}.Release|Any CPU.Build.0 = Release|Any CPU
		{7CB5080A-737E-9014-3A4F-9F605A1B7250}.Debug|Any CPU.ActiveCfg = Debug|Any CPU
		{7CB5080A-737E-9014-3A4F-9F605A1B7250}.Debug|Any CPU.Build.0 = Debug|Any CPU
		{7CB5080A-737E-9014-3A4F-9F605A1B7250}.Release|Any CPU.ActiveCfg = Release|Any CPU
		{7CB5080A-737E-9014-3A4F-9F605A1B7250}.Release|Any CPU.Build.0 = Release|Any CPU
		{90AA7B17-1C80-2ED8-DEFB-CF48B6C0C4A5}.Debug|Any CPU.ActiveCfg = Debug|Any CPU
		{90AA7B17-1C80-2ED8-DEFB-CF48B6C0C4A5}.Debug|Any CPU.Build.0 = Debug|Any CPU
		{90AA7B17-1C80-2ED8-DEFB-CF48B6C0C4A5}.Release|Any CPU.ActiveCfg = Release|Any CPU
		{90AA7B17-1C80-2ED8-DEFB-CF48B6C0C4A5}.Release|Any CPU.Build.0 = Release|Any CPU
		{CF0ABF3E-7614-21A2-7952-D66C38E3DD24}.Debug|Any CPU.ActiveCfg = Debug|Any CPU
		{CF0ABF3E-7614-21A2-7952-D66C38E3DD24}.Debug|Any CPU.Build.0 = Debug|Any CPU
		{CF0ABF3E-7614-21A2-7952-D66C38E3DD24}.Release|Any CPU.ActiveCfg = Release|Any CPU
		{CF0ABF3E-7614-21A2-7952-D66C38E3DD24}.Release|Any CPU.Build.0 = Release|Any CPU
		{E85557F1-C7C7-CA8F-C45A-D9FBB36FA330}.Debug|Any CPU.ActiveCfg = Debug|Any CPU
		{E85557F1-C7C7-CA8F-C45A-D9FBB36FA330}.Debug|Any CPU.Build.0 = Debug|Any CPU
		{E85557F1-C7C7-CA8F-C45A-D9FBB36FA330}.Release|Any CPU.ActiveCfg = Release|Any CPU
		{E85557F1-C7C7-CA8F-C45A-D9FBB36FA330}.Release|Any CPU.Build.0 = Release|Any CPU
		{BEB26EAD-1292-601B-F1A5-8FC5BD97EB55}.Debug|Any CPU.ActiveCfg = Debug|Any CPU
		{BEB26EAD-1292-601B-F1A5-8FC5BD97EB55}.Debug|Any CPU.Build.0 = Debug|Any CPU
		{BEB26EAD-1292-601B-F1A5-8FC5BD97EB55}.Release|Any CPU.ActiveCfg = Release|Any CPU
		{BEB26EAD-1292-601B-F1A5-8FC5BD97EB55}.Release|Any CPU.Build.0 = Release|Any CPU
		{55F5CF7B-9F94-653D-9948-91845ACDE9C3}.Debug|Any CPU.ActiveCfg = Debug|Any CPU
		{55F5CF7B-9F94-653D-9948-91845ACDE9C3}.Debug|Any CPU.Build.0 = Debug|Any CPU
		{55F5CF7B-9F94-653D-9948-91845ACDE9C3}.Release|Any CPU.ActiveCfg = Release|Any CPU
		{55F5CF7B-9F94-653D-9948-91845ACDE9C3}.Release|Any CPU.Build.0 = Release|Any CPU
		{5021D057-4045-0325-2371-99C0A51BA1D2}.Debug|Any CPU.ActiveCfg = Debug|Any CPU
		{5021D057-4045-0325-2371-99C0A51BA1D2}.Debug|Any CPU.Build.0 = Debug|Any CPU
		{5021D057-4045-0325-2371-99C0A51BA1D2}.Release|Any CPU.ActiveCfg = Release|Any CPU
		{5021D057-4045-0325-2371-99C0A51BA1D2}.Release|Any CPU.Build.0 = Release|Any CPU
		{9D62BEA3-7297-B461-45F0-121A6F0BA98E}.Debug|Any CPU.ActiveCfg = Debug|Any CPU
		{9D62BEA3-7297-B461-45F0-121A6F0BA98E}.Debug|Any CPU.Build.0 = Debug|Any CPU
		{9D62BEA3-7297-B461-45F0-121A6F0BA98E}.Release|Any CPU.ActiveCfg = Release|Any CPU
		{9D62BEA3-7297-B461-45F0-121A6F0BA98E}.Release|Any CPU.Build.0 = Release|Any CPU
		{8F2A9E78-1C6F-4C72-98D3-97CBAD1B2983}.Debug|Any CPU.ActiveCfg = Debug|Any CPU
		{8F2A9E78-1C6F-4C72-98D3-97CBAD1B2983}.Debug|Any CPU.Build.0 = Debug|Any CPU
		{8F2A9E78-1C6F-4C72-98D3-97CBAD1B2983}.Release|Any CPU.ActiveCfg = Release|Any CPU
		{8F2A9E78-1C6F-4C72-98D3-97CBAD1B2983}.Release|Any CPU.Build.0 = Release|Any CPU
		{27D7902C-A202-EA57-8331-90492CFD4F2D}.Debug|Any CPU.ActiveCfg = Debug|Any CPU
		{27D7902C-A202-EA57-8331-90492CFD4F2D}.Debug|Any CPU.Build.0 = Debug|Any CPU
		{27D7902C-A202-EA57-8331-90492CFD4F2D}.Release|Any CPU.ActiveCfg = Release|Any CPU
		{27D7902C-A202-EA57-8331-90492CFD4F2D}.Release|Any CPU.Build.0 = Release|Any CPU
		{3C9C0223-554E-0D74-13F6-11E57E37DFCF}.Debug|Any CPU.ActiveCfg = Debug|Any CPU
		{3C9C0223-554E-0D74-13F6-11E57E37DFCF}.Debug|Any CPU.Build.0 = Debug|Any CPU
		{3C9C0223-554E-0D74-13F6-11E57E37DFCF}.Release|Any CPU.ActiveCfg = Release|Any CPU
		{3C9C0223-554E-0D74-13F6-11E57E37DFCF}.Release|Any CPU.Build.0 = Release|Any CPU
		{401C1CEC-61EE-BBAE-7665-E6527396028A}.Debug|Any CPU.ActiveCfg = Debug|Any CPU
		{401C1CEC-61EE-BBAE-7665-E6527396028A}.Debug|Any CPU.Build.0 = Debug|Any CPU
		{401C1CEC-61EE-BBAE-7665-E6527396028A}.Release|Any CPU.ActiveCfg = Release|Any CPU
		{401C1CEC-61EE-BBAE-7665-E6527396028A}.Release|Any CPU.Build.0 = Release|Any CPU
		{B689F113-3003-B45A-F0AE-0AD33F6137CA}.Debug|Any CPU.ActiveCfg = Debug|Any CPU
		{B689F113-3003-B45A-F0AE-0AD33F6137CA}.Debug|Any CPU.Build.0 = Debug|Any CPU
		{B689F113-3003-B45A-F0AE-0AD33F6137CA}.Release|Any CPU.ActiveCfg = Release|Any CPU
		{B689F113-3003-B45A-F0AE-0AD33F6137CA}.Release|Any CPU.Build.0 = Release|Any CPU
		{F336D752-38B8-F180-92F1-7B75A331B99D}.Debug|Any CPU.ActiveCfg = Debug|Any CPU
		{F336D752-38B8-F180-92F1-7B75A331B99D}.Debug|Any CPU.Build.0 = Debug|Any CPU
		{F336D752-38B8-F180-92F1-7B75A331B99D}.Release|Any CPU.ActiveCfg = Release|Any CPU
		{F336D752-38B8-F180-92F1-7B75A331B99D}.Release|Any CPU.Build.0 = Release|Any CPU
		{B61EBAE5-C6A1-7D16-C0E0-7822582C61FE}.Debug|Any CPU.ActiveCfg = Debug|Any CPU
		{B61EBAE5-C6A1-7D16-C0E0-7822582C61FE}.Debug|Any CPU.Build.0 = Debug|Any CPU
		{B61EBAE5-C6A1-7D16-C0E0-7822582C61FE}.Release|Any CPU.ActiveCfg = Release|Any CPU
		{B61EBAE5-C6A1-7D16-C0E0-7822582C61FE}.Release|Any CPU.Build.0 = Release|Any CPU
		{867BCC6F-7AEB-8396-CB9E-D9C509230C1D}.Debug|Any CPU.ActiveCfg = Debug|Any CPU
		{867BCC6F-7AEB-8396-CB9E-D9C509230C1D}.Debug|Any CPU.Build.0 = Debug|Any CPU
		{867BCC6F-7AEB-8396-CB9E-D9C509230C1D}.Release|Any CPU.ActiveCfg = Release|Any CPU
		{867BCC6F-7AEB-8396-CB9E-D9C509230C1D}.Release|Any CPU.Build.0 = Release|Any CPU
		{74631A61-D83C-DC3D-7A1F-42131C9FD8E6}.Debug|Any CPU.ActiveCfg = Debug|Any CPU
		{74631A61-D83C-DC3D-7A1F-42131C9FD8E6}.Debug|Any CPU.Build.0 = Debug|Any CPU
		{74631A61-D83C-DC3D-7A1F-42131C9FD8E6}.Release|Any CPU.ActiveCfg = Release|Any CPU
		{74631A61-D83C-DC3D-7A1F-42131C9FD8E6}.Release|Any CPU.Build.0 = Release|Any CPU
		{A2FBF64E-A077-6BF7-1B2A-6B71393B8FDB}.Debug|Any CPU.ActiveCfg = Debug|Any CPU
		{A2FBF64E-A077-6BF7-1B2A-6B71393B8FDB}.Debug|Any CPU.Build.0 = Debug|Any CPU
		{A2FBF64E-A077-6BF7-1B2A-6B71393B8FDB}.Release|Any CPU.ActiveCfg = Release|Any CPU
		{A2FBF64E-A077-6BF7-1B2A-6B71393B8FDB}.Release|Any CPU.Build.0 = Release|Any CPU
		{F1B0B86D-ECA7-5A52-47C2-2115AE9BD909}.Debug|Any CPU.ActiveCfg = Debug|Any CPU
		{F1B0B86D-ECA7-5A52-47C2-2115AE9BD909}.Debug|Any CPU.Build.0 = Debug|Any CPU
		{F1B0B86D-ECA7-5A52-47C2-2115AE9BD909}.Release|Any CPU.ActiveCfg = Release|Any CPU
		{F1B0B86D-ECA7-5A52-47C2-2115AE9BD909}.Release|Any CPU.Build.0 = Release|Any CPU
		{0423618E-4D2A-69B5-EE55-8E17B9452865}.Debug|Any CPU.ActiveCfg = Debug|Any CPU
		{0423618E-4D2A-69B5-EE55-8E17B9452865}.Debug|Any CPU.Build.0 = Debug|Any CPU
		{0423618E-4D2A-69B5-EE55-8E17B9452865}.Release|Any CPU.ActiveCfg = Release|Any CPU
		{0423618E-4D2A-69B5-EE55-8E17B9452865}.Release|Any CPU.Build.0 = Release|Any CPU
		{C3D291AB-7070-033D-1C60-419156EBD61A}.Debug|Any CPU.ActiveCfg = Debug|Any CPU
		{C3D291AB-7070-033D-1C60-419156EBD61A}.Debug|Any CPU.Build.0 = Debug|Any CPU
		{C3D291AB-7070-033D-1C60-419156EBD61A}.Release|Any CPU.ActiveCfg = Release|Any CPU
		{C3D291AB-7070-033D-1C60-419156EBD61A}.Release|Any CPU.Build.0 = Release|Any CPU
		{17847E70-5589-99F2-9914-78D63224850C}.Debug|Any CPU.ActiveCfg = Debug|Any CPU
		{17847E70-5589-99F2-9914-78D63224850C}.Debug|Any CPU.Build.0 = Debug|Any CPU
		{17847E70-5589-99F2-9914-78D63224850C}.Release|Any CPU.ActiveCfg = Release|Any CPU
		{17847E70-5589-99F2-9914-78D63224850C}.Release|Any CPU.Build.0 = Release|Any CPU
		{0EBCA90F-8EC2-E68B-24D2-F845D7D7AF31}.Debug|Any CPU.ActiveCfg = Debug|Any CPU
		{0EBCA90F-8EC2-E68B-24D2-F845D7D7AF31}.Debug|Any CPU.Build.0 = Debug|Any CPU
		{0EBCA90F-8EC2-E68B-24D2-F845D7D7AF31}.Release|Any CPU.ActiveCfg = Release|Any CPU
		{0EBCA90F-8EC2-E68B-24D2-F845D7D7AF31}.Release|Any CPU.Build.0 = Release|Any CPU
		{27E47DA2-640E-7660-3389-B4C7B865EF66}.Debug|Any CPU.ActiveCfg = Debug|Any CPU
		{27E47DA2-640E-7660-3389-B4C7B865EF66}.Debug|Any CPU.Build.0 = Debug|Any CPU
		{27E47DA2-640E-7660-3389-B4C7B865EF66}.Release|Any CPU.ActiveCfg = Release|Any CPU
		{27E47DA2-640E-7660-3389-B4C7B865EF66}.Release|Any CPU.Build.0 = Release|Any CPU
		{9B1AE81A-C560-8F21-A288-3F82FA1CD54B}.Debug|Any CPU.ActiveCfg = Debug|Any CPU
		{9B1AE81A-C560-8F21-A288-3F82FA1CD54B}.Debug|Any CPU.Build.0 = Debug|Any CPU
		{9B1AE81A-C560-8F21-A288-3F82FA1CD54B}.Release|Any CPU.ActiveCfg = Release|Any CPU
		{9B1AE81A-C560-8F21-A288-3F82FA1CD54B}.Release|Any CPU.Build.0 = Release|Any CPU
		{17D857B5-C457-A894-3422-AB3436A5A770}.Debug|Any CPU.ActiveCfg = Debug|Any CPU
		{17D857B5-C457-A894-3422-AB3436A5A770}.Debug|Any CPU.Build.0 = Debug|Any CPU
		{17D857B5-C457-A894-3422-AB3436A5A770}.Release|Any CPU.ActiveCfg = Release|Any CPU
		{17D857B5-C457-A894-3422-AB3436A5A770}.Release|Any CPU.Build.0 = Release|Any CPU
		{6B29A820-0C55-D322-921A-66A6FABCF421}.Debug|Any CPU.ActiveCfg = Debug|Any CPU
		{6B29A820-0C55-D322-921A-66A6FABCF421}.Debug|Any CPU.Build.0 = Debug|Any CPU
		{6B29A820-0C55-D322-921A-66A6FABCF421}.Release|Any CPU.ActiveCfg = Release|Any CPU
		{6B29A820-0C55-D322-921A-66A6FABCF421}.Release|Any CPU.Build.0 = Release|Any CPU
		{ACA4D676-68F9-7E4D-90A0-89B224FF5CE9}.Debug|Any CPU.ActiveCfg = Debug|Any CPU
		{ACA4D676-68F9-7E4D-90A0-89B224FF5CE9}.Debug|Any CPU.Build.0 = Debug|Any CPU
		{ACA4D676-68F9-7E4D-90A0-89B224FF5CE9}.Release|Any CPU.ActiveCfg = Release|Any CPU
		{ACA4D676-68F9-7E4D-90A0-89B224FF5CE9}.Release|Any CPU.Build.0 = Release|Any CPU
		{C100325C-8A28-2C57-7C86-16F6CF735F43}.Debug|Any CPU.ActiveCfg = Debug|Any CPU
		{C100325C-8A28-2C57-7C86-16F6CF735F43}.Debug|Any CPU.Build.0 = Debug|Any CPU
		{C100325C-8A28-2C57-7C86-16F6CF735F43}.Release|Any CPU.ActiveCfg = Release|Any CPU
		{C100325C-8A28-2C57-7C86-16F6CF735F43}.Release|Any CPU.Build.0 = Release|Any CPU
		{33B103A7-952E-B33B-64D0-FA5D17CF4A2E}.Debug|Any CPU.ActiveCfg = Debug|Any CPU
		{33B103A7-952E-B33B-64D0-FA5D17CF4A2E}.Debug|Any CPU.Build.0 = Debug|Any CPU
		{33B103A7-952E-B33B-64D0-FA5D17CF4A2E}.Release|Any CPU.ActiveCfg = Release|Any CPU
		{33B103A7-952E-B33B-64D0-FA5D17CF4A2E}.Release|Any CPU.Build.0 = Release|Any CPU
		{E413328A-51FE-E0C9-472A-7CBDA94ADCA3}.Debug|Any CPU.ActiveCfg = Debug|Any CPU
		{E413328A-51FE-E0C9-472A-7CBDA94ADCA3}.Debug|Any CPU.Build.0 = Debug|Any CPU
		{E413328A-51FE-E0C9-472A-7CBDA94ADCA3}.Release|Any CPU.ActiveCfg = Release|Any CPU
		{E413328A-51FE-E0C9-472A-7CBDA94ADCA3}.Release|Any CPU.Build.0 = Release|Any CPU
		{6B29F42A-7657-0260-9EE7-2967DBAE29AD}.Debug|Any CPU.ActiveCfg = Debug|Any CPU
		{6B29F42A-7657-0260-9EE7-2967DBAE29AD}.Debug|Any CPU.Build.0 = Debug|Any CPU
		{6B29F42A-7657-0260-9EE7-2967DBAE29AD}.Release|Any CPU.ActiveCfg = Release|Any CPU
		{6B29F42A-7657-0260-9EE7-2967DBAE29AD}.Release|Any CPU.Build.0 = Release|Any CPU
		{B56CA4BE-F0BC-4296-2BA8-DEE3F6D04114}.Debug|Any CPU.ActiveCfg = Debug|Any CPU
		{B56CA4BE-F0BC-4296-2BA8-DEE3F6D04114}.Debug|Any CPU.Build.0 = Debug|Any CPU
		{B56CA4BE-F0BC-4296-2BA8-DEE3F6D04114}.Release|Any CPU.ActiveCfg = Release|Any CPU
		{B56CA4BE-F0BC-4296-2BA8-DEE3F6D04114}.Release|Any CPU.Build.0 = Release|Any CPU
		{F3E000EB-C8F1-21A6-B78B-8B5227779E3E}.Debug|Any CPU.ActiveCfg = Debug|Any CPU
		{F3E000EB-C8F1-21A6-B78B-8B5227779E3E}.Debug|Any CPU.Build.0 = Debug|Any CPU
		{F3E000EB-C8F1-21A6-B78B-8B5227779E3E}.Release|Any CPU.ActiveCfg = Release|Any CPU
		{F3E000EB-C8F1-21A6-B78B-8B5227779E3E}.Release|Any CPU.Build.0 = Release|Any CPU
		{3372DE38-08B7-BA2A-2D15-3631ED8547A1}.Debug|Any CPU.ActiveCfg = Debug|Any CPU
		{3372DE38-08B7-BA2A-2D15-3631ED8547A1}.Debug|Any CPU.Build.0 = Debug|Any CPU
		{3372DE38-08B7-BA2A-2D15-3631ED8547A1}.Release|Any CPU.ActiveCfg = Release|Any CPU
		{3372DE38-08B7-BA2A-2D15-3631ED8547A1}.Release|Any CPU.Build.0 = Release|Any CPU
		{C69EC109-8682-61D5-C1E7-19CDBB600479}.Debug|Any CPU.ActiveCfg = Debug|Any CPU
		{C69EC109-8682-61D5-C1E7-19CDBB600479}.Debug|Any CPU.Build.0 = Debug|Any CPU
		{C69EC109-8682-61D5-C1E7-19CDBB600479}.Release|Any CPU.ActiveCfg = Release|Any CPU
		{C69EC109-8682-61D5-C1E7-19CDBB600479}.Release|Any CPU.Build.0 = Release|Any CPU
		{9A9433CD-129D-2049-EA5B-C9A68053AEF3}.Debug|Any CPU.ActiveCfg = Debug|Any CPU
		{9A9433CD-129D-2049-EA5B-C9A68053AEF3}.Debug|Any CPU.Build.0 = Debug|Any CPU
		{9A9433CD-129D-2049-EA5B-C9A68053AEF3}.Release|Any CPU.ActiveCfg = Release|Any CPU
		{9A9433CD-129D-2049-EA5B-C9A68053AEF3}.Release|Any CPU.Build.0 = Release|Any CPU
		{B0FA0711-38D8-1418-361B-B24A27BC06E1}.Debug|Any CPU.ActiveCfg = Debug|Any CPU
		{B0FA0711-38D8-1418-361B-B24A27BC06E1}.Debug|Any CPU.Build.0 = Debug|Any CPU
		{B0FA0711-38D8-1418-361B-B24A27BC06E1}.Release|Any CPU.ActiveCfg = Release|Any CPU
		{B0FA0711-38D8-1418-361B-B24A27BC06E1}.Release|Any CPU.Build.0 = Release|Any CPU
		{344B2F2A-0101-8EFF-5062-20E0E183438A}.Debug|Any CPU.ActiveCfg = Debug|Any CPU
		{344B2F2A-0101-8EFF-5062-20E0E183438A}.Debug|Any CPU.Build.0 = Debug|Any CPU
		{344B2F2A-0101-8EFF-5062-20E0E183438A}.Release|Any CPU.ActiveCfg = Release|Any CPU
		{344B2F2A-0101-8EFF-5062-20E0E183438A}.Release|Any CPU.Build.0 = Release|Any CPU
	EndGlobalSection
	GlobalSection(SolutionProperties) = preSolution
		HideSolutionNode = FALSE
	EndGlobalSection
EndGlobal
